
Microsoft Visual Studio Solution File, Format Version 12.00
# Visual Studio Version 16
VisualStudioVersion = 16.0.31025.194
MinimumVisualStudioVersion = 10.0.40219.1
Project("{FAE04EC0-301F-11D3-BF4B-00C04F79EFBC}") = "TimeTable", "TimeTable\TimeTable.csproj", "{919943E3-753F-4133-AB86-723E122E5038}"
EndProject
Project("{54435603-DBB4-11D2-8724-00A0C9A8B90C}") = "Timetable-Management", "Timetable-Management\Timetable-Management.vdproj", "{69E88E77-45C8-4111-AD0A-4FA35DA54E33}"
EndProject
Global
	GlobalSection(SolutionConfigurationPlatforms) = preSolution
		Debug|Any CPU = Debug|Any CPU
		Release|Any CPU = Release|Any CPU
	EndGlobalSection
	GlobalSection(ProjectConfigurationPlatforms) = postSolution
		{919943E3-753F-4133-AB86-723E122E5038}.Debug|Any CPU.ActiveCfg = Debug|Any CPU
		{919943E3-753F-4133-AB86-723E122E5038}.Debug|Any CPU.Build.0 = Debug|Any CPU
		{919943E3-753F-4133-AB86-723E122E5038}.Release|Any CPU.ActiveCfg = Release|Any CPU
		{919943E3-753F-4133-AB86-723E122E5038}.Release|Any CPU.Build.0 = Release|Any CPU
		{69E88E77-45C8-4111-AD0A-4FA35DA54E33}.Debug|Any CPU.ActiveCfg = Debug
		{69E88E77-45C8-4111-AD0A-4FA35DA54E33}.Release|Any CPU.ActiveCfg = Release
	EndGlobalSection
	GlobalSection(SolutionProperties) = preSolution
		HideSolutionNode = FALSE
	EndGlobalSection
	GlobalSection(ExtensibilityGlobals) = postSolution
		SolutionGuid = {33603A69-7DA6-4661-A76E-6C19E4688A5C}
	EndGlobalSection
EndGlobal
